// !$*UTF8*$!
{
	archiveVersion = 1;
	classes = {
	};
	objectVersion = 77;
	objects = {

/* Begin PBXBuildFile section */
		210805692E1E2744007EB43F /* Inter_24pt-Black.ttf in Resources */ = {isa = PBXBuildFile; fileRef = 2108053F2E1E2744007EB43F /* Inter_24pt-Black.ttf */; };
		2108056A2E1E2744007EB43F /* Inter_18pt-Black.ttf in Resources */ = {isa = PBXBuildFile; fileRef = 2108052D2E1E2744007EB43F /* Inter_18pt-Black.ttf */; };
		2108056B2E1E2744007EB43F /* Inter_28pt-Regular.ttf in Resources */ = {isa = PBXBuildFile; fileRef = 2108055E2E1E2744007EB43F /* Inter_28pt-Regular.ttf */; };
		2108056C2E1E2744007EB43F /* README.txt in Resources */ = {isa = PBXBuildFile; fileRef = 210805672E1E2744007EB43F /* README.txt */; };
		2108056D2E1E2744007EB43F /* Inter-VariableFont_opsz,wght.ttf in Resources */ = {isa = PBXBuildFile; fileRef = 210805652E1E2744007EB43F /* Inter-VariableFont_opsz,wght.ttf */; };
		2108056E2E1E2744007EB43F /* Inter_24pt-Regular.ttf in Resources */ = {isa = PBXBuildFile; fileRef = 2108054C2E1E2744007EB43F /* Inter_24pt-Regular.ttf */; };
		2108056F2E1E2744007EB43F /* Inter_18pt-ThinItalic.ttf in Resources */ = {isa = PBXBuildFile; fileRef = 2108053E2E1E2744007EB43F /* Inter_18pt-ThinItalic.ttf */; };
		210805702E1E2744007EB43F /* Inter_24pt-ExtraBold.ttf in Resources */ = {isa = PBXBuildFile; fileRef = 210805432E1E2744007EB43F /* Inter_24pt-ExtraBold.ttf */; };
		210805712E1E2744007EB43F /* Inter_18pt-SemiBoldItalic.ttf in Resources */ = {isa = PBXBuildFile; fileRef = 2108053C2E1E2744007EB43F /* Inter_18pt-SemiBoldItalic.ttf */; };
		210805722E1E2744007EB43F /* Inter_24pt-MediumItalic.ttf in Resources */ = {isa = PBXBuildFile; fileRef = 2108054B2E1E2744007EB43F /* Inter_24pt-MediumItalic.ttf */; };
		210805732E1E2744007EB43F /* OFL.txt in Resources */ = {isa = PBXBuildFile; fileRef = 210805662E1E2744007EB43F /* OFL.txt */; };
		210805742E1E2744007EB43F /* Inter_18pt-ExtraLight.ttf in Resources */ = {isa = PBXBuildFile; fileRef = 210805332E1E2744007EB43F /* Inter_18pt-ExtraLight.ttf */; };
		210805752E1E2744007EB43F /* Inter_24pt-Italic.ttf in Resources */ = {isa = PBXBuildFile; fileRef = 210805472E1E2744007EB43F /* Inter_24pt-Italic.ttf */; };
		210805762E1E2744007EB43F /* Inter_18pt-BoldItalic.ttf in Resources */ = {isa = PBXBuildFile; fileRef = 210805302E1E2744007EB43F /* Inter_18pt-BoldItalic.ttf */; };
		210805772E1E2744007EB43F /* Inter_24pt-ExtraLight.ttf in Resources */ = {isa = PBXBuildFile; fileRef = 210805452E1E2744007EB43F /* Inter_24pt-ExtraLight.ttf */; };
		210805782E1E2744007EB43F /* Inter_28pt-BoldItalic.ttf in Resources */ = {isa = PBXBuildFile; fileRef = 210805542E1E2744007EB43F /* Inter_28pt-BoldItalic.ttf */; };
		210805792E1E2744007EB43F /* Inter_18pt-LightItalic.ttf in Resources */ = {isa = PBXBuildFile; fileRef = 210805372E1E2744007EB43F /* Inter_18pt-LightItalic.ttf */; };
		2108057A2E1E2744007EB43F /* Inter_28pt-ExtraLight.ttf in Resources */ = {isa = PBXBuildFile; fileRef = 210805572E1E2744007EB43F /* Inter_28pt-ExtraLight.ttf */; };
		2108057B2E1E2744007EB43F /* Inter_28pt-MediumItalic.ttf in Resources */ = {isa = PBXBuildFile; fileRef = 2108055D2E1E2744007EB43F /* Inter_28pt-MediumItalic.ttf */; };
		2108057C2E1E2744007EB43F /* Inter_28pt-SemiBold.ttf in Resources */ = {isa = PBXBuildFile; fileRef = 2108055F2E1E2744007EB43F /* Inter_28pt-SemiBold.ttf */; };
		2108057D2E1E2744007EB43F /* Inter_28pt-Medium.ttf in Resources */ = {isa = PBXBuildFile; fileRef = 2108055C2E1E2744007EB43F /* Inter_28pt-Medium.ttf */; };
		2108057E2E1E2744007EB43F /* Inter_18pt-ExtraBold.ttf in Resources */ = {isa = PBXBuildFile; fileRef = 210805312E1E2744007EB43F /* Inter_18pt-ExtraBold.ttf */; };
		2108057F2E1E2744007EB43F /* Inter_28pt-SemiBoldItalic.ttf in Resources */ = {isa = PBXBuildFile; fileRef = 210805602E1E2744007EB43F /* Inter_28pt-SemiBoldItalic.ttf */; };
		210805802E1E2744007EB43F /* Inter_18pt-BlackItalic.ttf in Resources */ = {isa = PBXBuildFile; fileRef = 2108052E2E1E2744007EB43F /* Inter_18pt-BlackItalic.ttf */; };
		210805812E1E2744007EB43F /* Inter_18pt-ExtraBoldItalic.ttf in Resources */ = {isa = PBXBuildFile; fileRef = 210805322E1E2744007EB43F /* Inter_18pt-ExtraBoldItalic.ttf */; };
		210805822E1E2744007EB43F /* Inter_18pt-MediumItalic.ttf in Resources */ = {isa = PBXBuildFile; fileRef = 210805392E1E2744007EB43F /* Inter_18pt-MediumItalic.ttf */; };
		210805832E1E2744007EB43F /* Inter_28pt-Bold.ttf in Resources */ = {isa = PBXBuildFile; fileRef = 210805532E1E2744007EB43F /* Inter_28pt-Bold.ttf */; };
		210805842E1E2744007EB43F /* Inter_24pt-Light.ttf in Resources */ = {isa = PBXBuildFile; fileRef = 210805482E1E2744007EB43F /* Inter_24pt-Light.ttf */; };
		210805852E1E2744007EB43F /* Inter_18pt-Regular.ttf in Resources */ = {isa = PBXBuildFile; fileRef = 2108053A2E1E2744007EB43F /* Inter_18pt-Regular.ttf */; };
		210805862E1E2744007EB43F /* Inter_28pt-Italic.ttf in Resources */ = {isa = PBXBuildFile; fileRef = 210805592E1E2744007EB43F /* Inter_28pt-Italic.ttf */; };
		210805872E1E2744007EB43F /* Inter_28pt-BlackItalic.ttf in Resources */ = {isa = PBXBuildFile; fileRef = 210805522E1E2744007EB43F /* Inter_28pt-BlackItalic.ttf */; };
		210805882E1E2744007EB43F /* Inter_18pt-SemiBold.ttf in Resources */ = {isa = PBXBuildFile; fileRef = 2108053B2E1E2744007EB43F /* Inter_18pt-SemiBold.ttf */; };
		210805892E1E2744007EB43F /* Inter_24pt-Thin.ttf in Resources */ = {isa = PBXBuildFile; fileRef = 2108054F2E1E2744007EB43F /* Inter_24pt-Thin.ttf */; };
		2108058A2E1E2744007EB43F /* Inter_28pt-Thin.ttf in Resources */ = {isa = PBXBuildFile; fileRef = 210805612E1E2744007EB43F /* Inter_28pt-Thin.ttf */; };
		2108058B2E1E2744007EB43F /* Inter_24pt-SemiBold.ttf in Resources */ = {isa = PBXBuildFile; fileRef = 2108054D2E1E2744007EB43F /* Inter_24pt-SemiBold.ttf */; };
		2108058C2E1E2744007EB43F /* Inter_28pt-ThinItalic.ttf in Resources */ = {isa = PBXBuildFile; fileRef = 210805622E1E2744007EB43F /* Inter_28pt-ThinItalic.ttf */; };
		2108058D2E1E2744007EB43F /* Inter_24pt-Medium.ttf in Resources */ = {isa = PBXBuildFile; fileRef = 2108054A2E1E2744007EB43F /* Inter_24pt-Medium.ttf */; };
		2108058E2E1E2744007EB43F /* Inter_28pt-Light.ttf in Resources */ = {isa = PBXBuildFile; fileRef = 2108055A2E1E2744007EB43F /* Inter_28pt-Light.ttf */; };
		2108058F2E1E2744007EB43F /* Inter_18pt-Thin.ttf in Resources */ = {isa = PBXBuildFile; fileRef = 2108053D2E1E2744007EB43F /* Inter_18pt-Thin.ttf */; };
		210805902E1E2744007EB43F /* Inter_28pt-ExtraBold.ttf in Resources */ = {isa = PBXBuildFile; fileRef = 210805552E1E2744007EB43F /* Inter_28pt-ExtraBold.ttf */; };
		210805912E1E2744007EB43F /* Inter_24pt-ExtraLightItalic.ttf in Resources */ = {isa = PBXBuildFile; fileRef = 210805462E1E2744007EB43F /* Inter_24pt-ExtraLightItalic.ttf */; };
		210805922E1E2744007EB43F /* Inter_28pt-ExtraLightItalic.ttf in Resources */ = {isa = PBXBuildFile; fileRef = 210805582E1E2744007EB43F /* Inter_28pt-ExtraLightItalic.ttf */; };
		210805932E1E2744007EB43F /* Inter_18pt-ExtraLightItalic.ttf in Resources */ = {isa = PBXBuildFile; fileRef = 210805342E1E2744007EB43F /* Inter_18pt-ExtraLightItalic.ttf */; };
		210805942E1E2744007EB43F /* Inter_18pt-Medium.ttf in Resources */ = {isa = PBXBuildFile; fileRef = 210805382E1E2744007EB43F /* Inter_18pt-Medium.ttf */; };
		210805952E1E2744007EB43F /* Inter_28pt-LightItalic.ttf in Resources */ = {isa = PBXBuildFile; fileRef = 2108055B2E1E2744007EB43F /* Inter_28pt-LightItalic.ttf */; };
		210805962E1E2744007EB43F /* Inter_24pt-ExtraBoldItalic.ttf in Resources */ = {isa = PBXBuildFile; fileRef = 210805442E1E2744007EB43F /* Inter_24pt-ExtraBoldItalic.ttf */; };
		210805972E1E2744007EB43F /* Inter_24pt-Bold.ttf in Resources */ = {isa = PBXBuildFile; fileRef = 210805412E1E2744007EB43F /* Inter_24pt-Bold.ttf */; };
		210805982E1E2744007EB43F /* Inter_24pt-SemiBoldItalic.ttf in Resources */ = {isa = PBXBuildFile; fileRef = 2108054E2E1E2744007EB43F /* Inter_24pt-SemiBoldItalic.ttf */; };
		210805992E1E2744007EB43F /* Inter_18pt-Light.ttf in Resources */ = {isa = PBXBuildFile; fileRef = 210805362E1E2744007EB43F /* Inter_18pt-Light.ttf */; };
		2108059A2E1E2744007EB43F /* Inter_24pt-ThinItalic.ttf in Resources */ = {isa = PBXBuildFile; fileRef = 210805502E1E2744007EB43F /* Inter_24pt-ThinItalic.ttf */; };
		2108059B2E1E2744007EB43F /* Inter_24pt-BlackItalic.ttf in Resources */ = {isa = PBXBuildFile; fileRef = 210805402E1E2744007EB43F /* Inter_24pt-BlackItalic.ttf */; };
		2108059C2E1E2744007EB43F /* Inter_24pt-BoldItalic.ttf in Resources */ = {isa = PBXBuildFile; fileRef = 210805422E1E2744007EB43F /* Inter_24pt-BoldItalic.ttf */; };
		2108059D2E1E2744007EB43F /* Inter-Italic-VariableFont_opsz,wght.ttf in Resources */ = {isa = PBXBuildFile; fileRef = 210805642E1E2744007EB43F /* Inter-Italic-VariableFont_opsz,wght.ttf */; };
		2108059E2E1E2744007EB43F /* Inter_28pt-Black.ttf in Resources */ = {isa = PBXBuildFile; fileRef = 210805512E1E2744007EB43F /* Inter_28pt-Black.ttf */; };
		2108059F2E1E2744007EB43F /* Inter_24pt-LightItalic.ttf in Resources */ = {isa = PBXBuildFile; fileRef = 210805492E1E2744007EB43F /* Inter_24pt-LightItalic.ttf */; };
		210805A02E1E2744007EB43F /* Inter_18pt-Italic.ttf in Resources */ = {isa = PBXBuildFile; fileRef = 210805352E1E2744007EB43F /* Inter_18pt-Italic.ttf */; };
		210805A12E1E2744007EB43F /* Inter_18pt-Bold.ttf in Resources */ = {isa = PBXBuildFile; fileRef = 2108052F2E1E2744007EB43F /* Inter_18pt-Bold.ttf */; };
		210805A22E1E2744007EB43F /* Inter_28pt-ExtraBoldItalic.ttf in Resources */ = {isa = PBXBuildFile; fileRef = 210805562E1E2744007EB43F /* Inter_28pt-ExtraBoldItalic.ttf */; };
/* End PBXBuildFile section */

/* Begin PBXFileReference section */
		2108052D2E1E2744007EB43F /* Inter_18pt-Black.ttf */ = {isa = PBXFileReference; lastKnownFileType = file; path = "Inter_18pt-Black.ttf"; sourceTree = "<group>"; };
		2108052E2E1E2744007EB43F /* Inter_18pt-BlackItalic.ttf */ = {isa = PBXFileReference; lastKnownFileType = file; path = "Inter_18pt-BlackItalic.ttf"; sourceTree = "<group>"; };
		2108052F2E1E2744007EB43F /* Inter_18pt-Bold.ttf */ = {isa = PBXFileReference; lastKnownFileType = file; path = "Inter_18pt-Bold.ttf"; sourceTree = "<group>"; };
		210805302E1E2744007EB43F /* Inter_18pt-BoldItalic.ttf */ = {isa = PBXFileReference; lastKnownFileType = file; path = "Inter_18pt-BoldItalic.ttf"; sourceTree = "<group>"; };
		210805312E1E2744007EB43F /* Inter_18pt-ExtraBold.ttf */ = {isa = PBXFileReference; lastKnownFileType = file; path = "Inter_18pt-ExtraBold.ttf"; sourceTree = "<group>"; };
		210805322E1E2744007EB43F /* Inter_18pt-ExtraBoldItalic.ttf */ = {isa = PBXFileReference; lastKnownFileType = file; path = "Inter_18pt-ExtraBoldItalic.ttf"; sourceTree = "<group>"; };
		210805332E1E2744007EB43F /* Inter_18pt-ExtraLight.ttf */ = {isa = PBXFileReference; lastKnownFileType = file; path = "Inter_18pt-ExtraLight.ttf"; sourceTree = "<group>"; };
		210805342E1E2744007EB43F /* Inter_18pt-ExtraLightItalic.ttf */ = {isa = PBXFileReference; lastKnownFileType = file; path = "Inter_18pt-ExtraLightItalic.ttf"; sourceTree = "<group>"; };
		210805352E1E2744007EB43F /* Inter_18pt-Italic.ttf */ = {isa = PBXFileReference; lastKnownFileType = file; path = "Inter_18pt-Italic.ttf"; sourceTree = "<group>"; };
		210805362E1E2744007EB43F /* Inter_18pt-Light.ttf */ = {isa = PBXFileReference; lastKnownFileType = file; path = "Inter_18pt-Light.ttf"; sourceTree = "<group>"; };
		210805372E1E2744007EB43F /* Inter_18pt-LightItalic.ttf */ = {isa = PBXFileReference; lastKnownFileType = file; path = "Inter_18pt-LightItalic.ttf"; sourceTree = "<group>"; };
		210805382E1E2744007EB43F /* Inter_18pt-Medium.ttf */ = {isa = PBXFileReference; lastKnownFileType = file; path = "Inter_18pt-Medium.ttf"; sourceTree = "<group>"; };
		210805392E1E2744007EB43F /* Inter_18pt-MediumItalic.ttf */ = {isa = PBXFileReference; lastKnownFileType = file; path = "Inter_18pt-MediumItalic.ttf"; sourceTree = "<group>"; };
		2108053A2E1E2744007EB43F /* Inter_18pt-Regular.ttf */ = {isa = PBXFileReference; lastKnownFileType = file; path = "Inter_18pt-Regular.ttf"; sourceTree = "<group>"; };
		2108053B2E1E2744007EB43F /* Inter_18pt-SemiBold.ttf */ = {isa = PBXFileReference; lastKnownFileType = file; path = "Inter_18pt-SemiBold.ttf"; sourceTree = "<group>"; };
		2108053C2E1E2744007EB43F /* Inter_18pt-SemiBoldItalic.ttf */ = {isa = PBXFileReference; lastKnownFileType = file; path = "Inter_18pt-SemiBoldItalic.ttf"; sourceTree = "<group>"; };
		2108053D2E1E2744007EB43F /* Inter_18pt-Thin.ttf */ = {isa = PBXFileReference; lastKnownFileType = file; path = "Inter_18pt-Thin.ttf"; sourceTree = "<group>"; };
		2108053E2E1E2744007EB43F /* Inter_18pt-ThinItalic.ttf */ = {isa = PBXFileReference; lastKnownFileType = file; path = "Inter_18pt-ThinItalic.ttf"; sourceTree = "<group>"; };
		2108053F2E1E2744007EB43F /* Inter_24pt-Black.ttf */ = {isa = PBXFileReference; lastKnownFileType = file; path = "Inter_24pt-Black.ttf"; sourceTree = "<group>"; };
		210805402E1E2744007EB43F /* Inter_24pt-BlackItalic.ttf */ = {isa = PBXFileReference; lastKnownFileType = file; path = "Inter_24pt-BlackItalic.ttf"; sourceTree = "<group>"; };
		210805412E1E2744007EB43F /* Inter_24pt-Bold.ttf */ = {isa = PBXFileReference; lastKnownFileType = file; path = "Inter_24pt-Bold.ttf"; sourceTree = "<group>"; };
		210805422E1E2744007EB43F /* Inter_24pt-BoldItalic.ttf */ = {isa = PBXFileReference; lastKnownFileType = file; path = "Inter_24pt-BoldItalic.ttf"; sourceTree = "<group>"; };
		210805432E1E2744007EB43F /* Inter_24pt-ExtraBold.ttf */ = {isa = PBXFileReference; lastKnownFileType = file; path = "Inter_24pt-ExtraBold.ttf"; sourceTree = "<group>"; };
		210805442E1E2744007EB43F /* Inter_24pt-ExtraBoldItalic.ttf */ = {isa = PBXFileReference; lastKnownFileType = file; path = "Inter_24pt-ExtraBoldItalic.ttf"; sourceTree = "<group>"; };
		210805452E1E2744007EB43F /* Inter_24pt-ExtraLight.ttf */ = {isa = PBXFileReference; lastKnownFileType = file; path = "Inter_24pt-ExtraLight.ttf"; sourceTree = "<group>"; };
		210805462E1E2744007EB43F /* Inter_24pt-ExtraLightItalic.ttf */ = {isa = PBXFileReference; lastKnownFileType = file; path = "Inter_24pt-ExtraLightItalic.ttf"; sourceTree = "<group>"; };
		210805472E1E2744007EB43F /* Inter_24pt-Italic.ttf */ = {isa = PBXFileReference; lastKnownFileType = file; path = "Inter_24pt-Italic.ttf"; sourceTree = "<group>"; };
		210805482E1E2744007EB43F /* Inter_24pt-Light.ttf */ = {isa = PBXFileReference; lastKnownFileType = file; path = "Inter_24pt-Light.ttf"; sourceTree = "<group>"; };
		210805492E1E2744007EB43F /* Inter_24pt-LightItalic.ttf */ = {isa = PBXFileReference; lastKnownFileType = file; path = "Inter_24pt-LightItalic.ttf"; sourceTree = "<group>"; };
		2108054A2E1E2744007EB43F /* Inter_24pt-Medium.ttf */ = {isa = PBXFileReference; lastKnownFileType = file; path = "Inter_24pt-Medium.ttf"; sourceTree = "<group>"; };
		2108054B2E1E2744007EB43F /* Inter_24pt-MediumItalic.ttf */ = {isa = PBXFileReference; lastKnownFileType = file; path = "Inter_24pt-MediumItalic.ttf"; sourceTree = "<group>"; };
		2108054C2E1E2744007EB43F /* Inter_24pt-Regular.ttf */ = {isa = PBXFileReference; lastKnownFileType = file; path = "Inter_24pt-Regular.ttf"; sourceTree = "<group>"; };
		2108054D2E1E2744007EB43F /* Inter_24pt-SemiBold.ttf */ = {isa = PBXFileReference; lastKnownFileType = file; path = "Inter_24pt-SemiBold.ttf"; sourceTree = "<group>"; };
		2108054E2E1E2744007EB43F /* Inter_24pt-SemiBoldItalic.ttf */ = {isa = PBXFileReference; lastKnownFileType = file; path = "Inter_24pt-SemiBoldItalic.ttf"; sourceTree = "<group>"; };
		2108054F2E1E2744007EB43F /* Inter_24pt-Thin.ttf */ = {isa = PBXFileReference; lastKnownFileType = file; path = "Inter_24pt-Thin.ttf"; sourceTree = "<group>"; };
		210805502E1E2744007EB43F /* Inter_24pt-ThinItalic.ttf */ = {isa = PBXFileReference; lastKnownFileType = file; path = "Inter_24pt-ThinItalic.ttf"; sourceTree = "<group>"; };
		210805512E1E2744007EB43F /* Inter_28pt-Black.ttf */ = {isa = PBXFileReference; lastKnownFileType = file; path = "Inter_28pt-Black.ttf"; sourceTree = "<group>"; };
		210805522E1E2744007EB43F /* Inter_28pt-BlackItalic.ttf */ = {isa = PBXFileReference; lastKnownFileType = file; path = "Inter_28pt-BlackItalic.ttf"; sourceTree = "<group>"; };
		210805532E1E2744007EB43F /* Inter_28pt-Bold.ttf */ = {isa = PBXFileReference; lastKnownFileType = file; path = "Inter_28pt-Bold.ttf"; sourceTree = "<group>"; };
		210805542E1E2744007EB43F /* Inter_28pt-BoldItalic.ttf */ = {isa = PBXFileReference; lastKnownFileType = file; path = "Inter_28pt-BoldItalic.ttf"; sourceTree = "<group>"; };
		210805552E1E2744007EB43F /* Inter_28pt-ExtraBold.ttf */ = {isa = PBXFileReference; lastKnownFileType = file; path = "Inter_28pt-ExtraBold.ttf"; sourceTree = "<group>"; };
		210805562E1E2744007EB43F /* Inter_28pt-ExtraBoldItalic.ttf */ = {isa = PBXFileReference; lastKnownFileType = file; path = "Inter_28pt-ExtraBoldItalic.ttf"; sourceTree = "<group>"; };
		210805572E1E2744007EB43F /* Inter_28pt-ExtraLight.ttf */ = {isa = PBXFileReference; lastKnownFileType = file; path = "Inter_28pt-ExtraLight.ttf"; sourceTree = "<group>"; };
		210805582E1E2744007EB43F /* Inter_28pt-ExtraLightItalic.ttf */ = {isa = PBXFileReference; lastKnownFileType = file; path = "Inter_28pt-ExtraLightItalic.ttf"; sourceTree = "<group>"; };
		210805592E1E2744007EB43F /* Inter_28pt-Italic.ttf */ = {isa = PBXFileReference; lastKnownFileType = file; path = "Inter_28pt-Italic.ttf"; sourceTree = "<group>"; };
		2108055A2E1E2744007EB43F /* Inter_28pt-Light.ttf */ = {isa = PBXFileReference; lastKnownFileType = file; path = "Inter_28pt-Light.ttf"; sourceTree = "<group>"; };
		2108055B2E1E2744007EB43F /* Inter_28pt-LightItalic.ttf */ = {isa = PBXFileReference; lastKnownFileType = file; path = "Inter_28pt-LightItalic.ttf"; sourceTree = "<group>"; };
		2108055C2E1E2744007EB43F /* Inter_28pt-Medium.ttf */ = {isa = PBXFileReference; lastKnownFileType = file; path = "Inter_28pt-Medium.ttf"; sourceTree = "<group>"; };
		2108055D2E1E2744007EB43F /* Inter_28pt-MediumItalic.ttf */ = {isa = PBXFileReference; lastKnownFileType = file; path = "Inter_28pt-MediumItalic.ttf"; sourceTree = "<group>"; };
		2108055E2E1E2744007EB43F /* Inter_28pt-Regular.ttf */ = {isa = PBXFileReference; lastKnownFileType = file; path = "Inter_28pt-Regular.ttf"; sourceTree = "<group>"; };
		2108055F2E1E2744007EB43F /* Inter_28pt-SemiBold.ttf */ = {isa = PBXFileReference; lastKnownFileType = file; path = "Inter_28pt-SemiBold.ttf"; sourceTree = "<group>"; };
		210805602E1E2744007EB43F /* Inter_28pt-SemiBoldItalic.ttf */ = {isa = PBXFileReference; lastKnownFileType = file; path = "Inter_28pt-SemiBoldItalic.ttf"; sourceTree = "<group>"; };
		210805612E1E2744007EB43F /* Inter_28pt-Thin.ttf */ = {isa = PBXFileReference; lastKnownFileType = file; path = "Inter_28pt-Thin.ttf"; sourceTree = "<group>"; };
		210805622E1E2744007EB43F /* Inter_28pt-ThinItalic.ttf */ = {isa = PBXFileReference; lastKnownFileType = file; path = "Inter_28pt-ThinItalic.ttf"; sourceTree = "<group>"; };
		210805642E1E2744007EB43F /* Inter-Italic-VariableFont_opsz,wght.ttf */ = {isa = PBXFileReference; lastKnownFileType = file; path = "Inter-Italic-VariableFont_opsz,wght.ttf"; sourceTree = "<group>"; };
		210805652E1E2744007EB43F /* Inter-VariableFont_opsz,wght.ttf */ = {isa = PBXFileReference; lastKnownFileType = file; path = "Inter-VariableFont_opsz,wght.ttf"; sourceTree = "<group>"; };
		210805662E1E2744007EB43F /* OFL.txt */ = {isa = PBXFileReference; lastKnownFileType = text; path = OFL.txt; sourceTree = "<group>"; };
		210805672E1E2744007EB43F /* README.txt */ = {isa = PBXFileReference; lastKnownFileType = text; path = README.txt; sourceTree = "<group>"; };
		210D42662E1C186100271FC0 /* Loggr.app */ = {isa = PBXFileReference; explicitFileType = wrapper.application; includeInIndex = 0; path = Loggr.app; sourceTree = BUILT_PRODUCTS_DIR; };
/* End PBXFileReference section */

/* Begin PBXFileSystemSynchronizedBuildFileExceptionSet section */
		210805A62E1E289C007EB43F /* Exceptions for "Loggr" folder in "Loggr" target */ = {
			isa = PBXFileSystemSynchronizedBuildFileExceptionSet;
			membershipExceptions = (
				Info.plist,
			);
			target = 210D42652E1C186100271FC0 /* Loggr */;
		};
/* End PBXFileSystemSynchronizedBuildFileExceptionSet section */

/* Begin PBXFileSystemSynchronizedRootGroup section */
		210D42682E1C186100271FC0 /* Loggr */ = {
			isa = PBXFileSystemSynchronizedRootGroup;
			exceptions = (
				210805A62E1E289C007EB43F /* Exceptions for "Loggr" folder in "Loggr" target */,
			);
			path = Loggr;
			sourceTree = "<group>";
		};
/* End PBXFileSystemSynchronizedRootGroup section */

/* Begin PBXFrameworksBuildPhase section */
		210D42632E1C186100271FC0 /* Frameworks */ = {
			isa = PBXFrameworksBuildPhase;
			buildActionMask = 2147483647;
			files = (
			);
			runOnlyForDeploymentPostprocessing = 0;
		};
/* End PBXFrameworksBuildPhase section */

/* Begin PBXGroup section */
		210805632E1E2744007EB43F /* static */ = {
			isa = PBXGroup;
			children = (
				2108052D2E1E2744007EB43F /* Inter_18pt-Black.ttf */,
				2108052E2E1E2744007EB43F /* Inter_18pt-BlackItalic.ttf */,
				2108052F2E1E2744007EB43F /* Inter_18pt-Bold.ttf */,
				210805302E1E2744007EB43F /* Inter_18pt-BoldItalic.ttf */,
				210805312E1E2744007EB43F /* Inter_18pt-ExtraBold.ttf */,
				210805322E1E2744007EB43F /* Inter_18pt-ExtraBoldItalic.ttf */,
				210805332E1E2744007EB43F /* Inter_18pt-ExtraLight.ttf */,
				210805342E1E2744007EB43F /* Inter_18pt-ExtraLightItalic.ttf */,
				210805352E1E2744007EB43F /* Inter_18pt-Italic.ttf */,
				210805362E1E2744007EB43F /* Inter_18pt-Light.ttf */,
				210805372E1E2744007EB43F /* Inter_18pt-LightItalic.ttf */,
				210805382E1E2744007EB43F /* Inter_18pt-Medium.ttf */,
				210805392E1E2744007EB43F /* Inter_18pt-MediumItalic.ttf */,
				2108053A2E1E2744007EB43F /* Inter_18pt-Regular.ttf */,
				2108053B2E1E2744007EB43F /* Inter_18pt-SemiBold.ttf */,
				2108053C2E1E2744007EB43F /* Inter_18pt-SemiBoldItalic.ttf */,
				2108053D2E1E2744007EB43F /* Inter_18pt-Thin.ttf */,
				2108053E2E1E2744007EB43F /* Inter_18pt-ThinItalic.ttf */,
				2108053F2E1E2744007EB43F /* Inter_24pt-Black.ttf */,
				210805402E1E2744007EB43F /* Inter_24pt-BlackItalic.ttf */,
				210805412E1E2744007EB43F /* Inter_24pt-Bold.ttf */,
				210805422E1E2744007EB43F /* Inter_24pt-BoldItalic.ttf */,
				210805432E1E2744007EB43F /* Inter_24pt-ExtraBold.ttf */,
				210805442E1E2744007EB43F /* Inter_24pt-ExtraBoldItalic.ttf */,
				210805452E1E2744007EB43F /* Inter_24pt-ExtraLight.ttf */,
				210805462E1E2744007EB43F /* Inter_24pt-ExtraLightItalic.ttf */,
				210805472E1E2744007EB43F /* Inter_24pt-Italic.ttf */,
				210805482E1E2744007EB43F /* Inter_24pt-Light.ttf */,
				210805492E1E2744007EB43F /* Inter_24pt-LightItalic.ttf */,
				2108054A2E1E2744007EB43F /* Inter_24pt-Medium.ttf */,
				2108054B2E1E2744007EB43F /* Inter_24pt-MediumItalic.ttf */,
				2108054C2E1E2744007EB43F /* Inter_24pt-Regular.ttf */,
				2108054D2E1E2744007EB43F /* Inter_24pt-SemiBold.ttf */,
				2108054E2E1E2744007EB43F /* Inter_24pt-SemiBoldItalic.ttf */,
				2108054F2E1E2744007EB43F /* Inter_24pt-Thin.ttf */,
				210805502E1E2744007EB43F /* Inter_24pt-ThinItalic.ttf */,
				210805512E1E2744007EB43F /* Inter_28pt-Black.ttf */,
				210805522E1E2744007EB43F /* Inter_28pt-BlackItalic.ttf */,
				210805532E1E2744007EB43F /* Inter_28pt-Bold.ttf */,
				210805542E1E2744007EB43F /* Inter_28pt-BoldItalic.ttf */,
				210805552E1E2744007EB43F /* Inter_28pt-ExtraBold.ttf */,
				210805562E1E2744007EB43F /* Inter_28pt-ExtraBoldItalic.ttf */,
				210805572E1E2744007EB43F /* Inter_28pt-ExtraLight.ttf */,
				210805582E1E2744007EB43F /* Inter_28pt-ExtraLightItalic.ttf */,
				210805592E1E2744007EB43F /* Inter_28pt-Italic.ttf */,
				2108055A2E1E2744007EB43F /* Inter_28pt-Light.ttf */,
				2108055B2E1E2744007EB43F /* Inter_28pt-LightItalic.ttf */,
				2108055C2E1E2744007EB43F /* Inter_28pt-Medium.ttf */,
				2108055D2E1E2744007EB43F /* Inter_28pt-MediumItalic.ttf */,
				2108055E2E1E2744007EB43F /* Inter_28pt-Regular.ttf */,
				2108055F2E1E2744007EB43F /* Inter_28pt-SemiBold.ttf */,
				210805602E1E2744007EB43F /* Inter_28pt-SemiBoldItalic.ttf */,
				210805612E1E2744007EB43F /* Inter_28pt-Thin.ttf */,
				210805622E1E2744007EB43F /* Inter_28pt-ThinItalic.ttf */,
			);
			path = static;
			sourceTree = "<group>";
		};
		210805682E1E2744007EB43F /* Inter */ = {
			isa = PBXGroup;
			children = (
				210805632E1E2744007EB43F /* static */,
				210805642E1E2744007EB43F /* Inter-Italic-VariableFont_opsz,wght.ttf */,
				210805652E1E2744007EB43F /* Inter-VariableFont_opsz,wght.ttf */,
				210805662E1E2744007EB43F /* OFL.txt */,
				210805672E1E2744007EB43F /* README.txt */,
			);
			path = Inter;
			sourceTree = "<group>";
		};
		210D425D2E1C186100271FC0 = {
			isa = PBXGroup;
			children = (
				210805682E1E2744007EB43F /* Inter */,
				210D42682E1C186100271FC0 /* Loggr */,
				210D42672E1C186100271FC0 /* Products */,
			);
			sourceTree = "<group>";
		};
		210D42672E1C186100271FC0 /* Products */ = {
			isa = PBXGroup;
			children = (
				210D42662E1C186100271FC0 /* Loggr.app */,
			);
			name = Products;
			sourceTree = "<group>";
		};
/* End PBXGroup section */

/* Begin PBXNativeTarget section */
		210D42652E1C186100271FC0 /* Loggr */ = {
			isa = PBXNativeTarget;
			buildConfigurationList = 210D42712E1C186200271FC0 /* Build configuration list for PBXNativeTarget "Loggr" */;
			buildPhases = (
				210D42622E1C186100271FC0 /* Sources */,
				210D42632E1C186100271FC0 /* Frameworks */,
				210D42642E1C186100271FC0 /* Resources */,
			);
			buildRules = (
			);
			dependencies = (
			);
			fileSystemSynchronizedGroups = (
				210D42682E1C186100271FC0 /* Loggr */,
			);
			name = Loggr;
			packageProductDependencies = (
			);
			productName = Loggr;
			productReference = 210D42662E1C186100271FC0 /* Loggr.app */;
			productType = "com.apple.product-type.application";
		};
/* End PBXNativeTarget section */

/* Begin PBXProject section */
		210D425E2E1C186100271FC0 /* Project object */ = {
			isa = PBXProject;
			attributes = {
				BuildIndependentTargetsInParallel = 1;
				LastSwiftUpdateCheck = 1640;
				LastUpgradeCheck = 1640;
				TargetAttributes = {
					210D42652E1C186100271FC0 = {
						CreatedOnToolsVersion = 16.4;
					};
				};
			};
			buildConfigurationList = 210D42612E1C186100271FC0 /* Build configuration list for PBXProject "Loggr" */;
			developmentRegion = en;
			hasScannedForEncodings = 0;
			knownRegions = (
				en,
				Base,
			);
			mainGroup = 210D425D2E1C186100271FC0;
			minimizedProjectReferenceProxies = 1;
			preferredProjectObjectVersion = 77;
			productRefGroup = 210D42672E1C186100271FC0 /* Products */;
			projectDirPath = "";
			projectRoot = "";
			targets = (
				210D42652E1C186100271FC0 /* Loggr */,
			);
		};
/* End PBXProject section */

/* Begin PBXResourcesBuildPhase section */
		210D42642E1C186100271FC0 /* Resources */ = {
			isa = PBXResourcesBuildPhase;
			buildActionMask = 2147483647;
			files = (
				210805692E1E2744007EB43F /* Inter_24pt-Black.ttf in Resources */,
				2108056A2E1E2744007EB43F /* Inter_18pt-Black.ttf in Resources */,
				2108056B2E1E2744007EB43F /* Inter_28pt-Regular.ttf in Resources */,
				2108056C2E1E2744007EB43F /* README.txt in Resources */,
				2108056D2E1E2744007EB43F /* Inter-VariableFont_opsz,wght.ttf in Resources */,
				2108056E2E1E2744007EB43F /* Inter_24pt-Regular.ttf in Resources */,
				2108056F2E1E2744007EB43F /* Inter_18pt-ThinItalic.ttf in Resources */,
				210805702E1E2744007EB43F /* Inter_24pt-ExtraBold.ttf in Resources */,
				210805712E1E2744007EB43F /* Inter_18pt-SemiBoldItalic.ttf in Resources */,
				210805722E1E2744007EB43F /* Inter_24pt-MediumItalic.ttf in Resources */,
				210805732E1E2744007EB43F /* OFL.txt in Resources */,
				210805742E1E2744007EB43F /* Inter_18pt-ExtraLight.ttf in Resources */,
				210805752E1E2744007EB43F /* Inter_24pt-Italic.ttf in Resources */,
				210805762E1E2744007EB43F /* Inter_18pt-BoldItalic.ttf in Resources */,
				210805772E1E2744007EB43F /* Inter_24pt-ExtraLight.ttf in Resources */,
				210805782E1E2744007EB43F /* Inter_28pt-BoldItalic.ttf in Resources */,
				210805792E1E2744007EB43F /* Inter_18pt-LightItalic.ttf in Resources */,
				2108057A2E1E2744007EB43F /* Inter_28pt-ExtraLight.ttf in Resources */,
				2108057B2E1E2744007EB43F /* Inter_28pt-MediumItalic.ttf in Resources */,
				2108057C2E1E2744007EB43F /* Inter_28pt-SemiBold.ttf in Resources */,
				2108057D2E1E2744007EB43F /* Inter_28pt-Medium.ttf in Resources */,
				2108057E2E1E2744007EB43F /* Inter_18pt-ExtraBold.ttf in Resources */,
				2108057F2E1E2744007EB43F /* Inter_28pt-SemiBoldItalic.ttf in Resources */,
				210805802E1E2744007EB43F /* Inter_18pt-BlackItalic.ttf in Resources */,
				210805812E1E2744007EB43F /* Inter_18pt-ExtraBoldItalic.ttf in Resources */,
				210805822E1E2744007EB43F /* Inter_18pt-MediumItalic.ttf in Resources */,
				210805832E1E2744007EB43F /* Inter_28pt-Bold.ttf in Resources */,
				210805842E1E2744007EB43F /* Inter_24pt-Light.ttf in Resources */,
				210805852E1E2744007EB43F /* Inter_18pt-Regular.ttf in Resources */,
				210805862E1E2744007EB43F /* Inter_28pt-Italic.ttf in Resources */,
				210805872E1E2744007EB43F /* Inter_28pt-BlackItalic.ttf in Resources */,
				210805882E1E2744007EB43F /* Inter_18pt-SemiBold.ttf in Resources */,
				210805892E1E2744007EB43F /* Inter_24pt-Thin.ttf in Resources */,
				2108058A2E1E2744007EB43F /* Inter_28pt-Thin.ttf in Resources */,
				2108058B2E1E2744007EB43F /* Inter_24pt-SemiBold.ttf in Resources */,
				2108058C2E1E2744007EB43F /* Inter_28pt-ThinItalic.ttf in Resources */,
				2108058D2E1E2744007EB43F /* Inter_24pt-Medium.ttf in Resources */,
				2108058E2E1E2744007EB43F /* Inter_28pt-Light.ttf in Resources */,
				2108058F2E1E2744007EB43F /* Inter_18pt-Thin.ttf in Resources */,
				210805902E1E2744007EB43F /* Inter_28pt-ExtraBold.ttf in Resources */,
				210805912E1E2744007EB43F /* Inter_24pt-ExtraLightItalic.ttf in Resources */,
				210805922E1E2744007EB43F /* Inter_28pt-ExtraLightItalic.ttf in Resources */,
				210805932E1E2744007EB43F /* Inter_18pt-ExtraLightItalic.ttf in Resources */,
				210805942E1E2744007EB43F /* Inter_18pt-Medium.ttf in Resources */,
				210805952E1E2744007EB43F /* Inter_28pt-LightItalic.ttf in Resources */,
				210805962E1E2744007EB43F /* Inter_24pt-ExtraBoldItalic.ttf in Resources */,
				210805972E1E2744007EB43F /* Inter_24pt-Bold.ttf in Resources */,
				210805982E1E2744007EB43F /* Inter_24pt-SemiBoldItalic.ttf in Resources */,
				210805992E1E2744007EB43F /* Inter_18pt-Light.ttf in Resources */,
				2108059A2E1E2744007EB43F /* Inter_24pt-ThinItalic.ttf in Resources */,
				2108059B2E1E2744007EB43F /* Inter_24pt-BlackItalic.ttf in Resources */,
				2108059C2E1E2744007EB43F /* Inter_24pt-BoldItalic.ttf in Resources */,
				2108059D2E1E2744007EB43F /* Inter-Italic-VariableFont_opsz,wght.ttf in Resources */,
				2108059E2E1E2744007EB43F /* Inter_28pt-Black.ttf in Resources */,
				2108059F2E1E2744007EB43F /* Inter_24pt-LightItalic.ttf in Resources */,
				210805A02E1E2744007EB43F /* Inter_18pt-Italic.ttf in Resources */,
				210805A12E1E2744007EB43F /* Inter_18pt-Bold.ttf in Resources */,
				210805A22E1E2744007EB43F /* Inter_28pt-ExtraBoldItalic.ttf in Resources */,
			);
			runOnlyForDeploymentPostprocessing = 0;
		};
/* End PBXResourcesBuildPhase section */

/* Begin PBXSourcesBuildPhase section */
		210D42622E1C186100271FC0 /* Sources */ = {
			isa = PBXSourcesBuildPhase;
			buildActionMask = 2147483647;
			files = (
			);
			runOnlyForDeploymentPostprocessing = 0;
		};
/* End PBXSourcesBuildPhase section */

/* Begin XCBuildConfiguration section */
		210D426F2E1C186200271FC0 /* Debug */ = {
			isa = XCBuildConfiguration;
			buildSettings = {
				ALWAYS_SEARCH_USER_PATHS = NO;
				ASSETCATALOG_COMPILER_GENERATE_SWIFT_ASSET_SYMBOL_EXTENSIONS = YES;
				CLANG_ANALYZER_NONNULL = YES;
				CLANG_ANALYZER_NUMBER_OBJECT_CONVERSION = YES_AGGRESSIVE;
				CLANG_CXX_LANGUAGE_STANDARD = "gnu++20";
				CLANG_ENABLE_MODULES = YES;
				CLANG_ENABLE_OBJC_ARC = YES;
				CLANG_ENABLE_OBJC_WEAK = YES;
				CLANG_WARN_BLOCK_CAPTURE_AUTORELEASING = YES;
				CLANG_WARN_BOOL_CONVERSION = YES;
				CLANG_WARN_COMMA = YES;
				CLANG_WARN_CONSTANT_CONVERSION = YES;
				CLANG_WARN_DEPRECATED_OBJC_IMPLEMENTATIONS = YES;
				CLANG_WARN_DIRECT_OBJC_ISA_USAGE = YES_ERROR;
				CLANG_WARN_DOCUMENTATION_COMMENTS = YES;
				CLANG_WARN_EMPTY_BODY = YES;
				CLANG_WARN_ENUM_CONVERSION = YES;
				CLANG_WARN_INFINITE_RECURSION = YES;
				CLANG_WARN_INT_CONVERSION = YES;
				CLANG_WARN_NON_LITERAL_NULL_CONVERSION = YES;
				CLANG_WARN_OBJC_IMPLICIT_RETAIN_SELF = YES;
				CLANG_WARN_OBJC_LITERAL_CONVERSION = YES;
				CLANG_WARN_OBJC_ROOT_CLASS = YES_ERROR;
				CLANG_WARN_QUOTED_INCLUDE_IN_FRAMEWORK_HEADER = YES;
				CLANG_WARN_RANGE_LOOP_ANALYSIS = YES;
				CLANG_WARN_STRICT_PROTOTYPES = YES;
				CLANG_WARN_SUSPICIOUS_MOVE = YES;
				CLANG_WARN_UNGUARDED_AVAILABILITY = YES_AGGRESSIVE;
				CLANG_WARN_UNREACHABLE_CODE = YES;
				CLANG_WARN__DUPLICATE_METHOD_MATCH = YES;
				COPY_PHASE_STRIP = NO;
				DEBUG_INFORMATION_FORMAT = dwarf;
				DEVELOPMENT_TEAM = G3TQNYN8A2;
				ENABLE_STRICT_OBJC_MSGSEND = YES;
				ENABLE_TESTABILITY = YES;
				ENABLE_USER_SCRIPT_SANDBOXING = YES;
				GCC_C_LANGUAGE_STANDARD = gnu17;
				GCC_DYNAMIC_NO_PIC = NO;
				GCC_NO_COMMON_BLOCKS = YES;
				GCC_OPTIMIZATION_LEVEL = 0;
				GCC_PREPROCESSOR_DEFINITIONS = (
					"DEBUG=1",
					"$(inherited)",
				);
				GCC_WARN_64_TO_32_BIT_CONVERSION = YES;
				GCC_WARN_ABOUT_RETURN_TYPE = YES_ERROR;
				GCC_WARN_UNDECLARED_SELECTOR = YES;
				GCC_WARN_UNINITIALIZED_AUTOS = YES_AGGRESSIVE;
				GCC_WARN_UNUSED_FUNCTION = YES;
				GCC_WARN_UNUSED_VARIABLE = YES;
				IPHONEOS_DEPLOYMENT_TARGET = 18.5;
				LOCALIZATION_PREFERS_STRING_CATALOGS = YES;
				MTL_ENABLE_DEBUG_INFO = INCLUDE_SOURCE;
				MTL_FAST_MATH = YES;
				ONLY_ACTIVE_ARCH = YES;
				SDKROOT = iphoneos;
				SWIFT_ACTIVE_COMPILATION_CONDITIONS = "DEBUG $(inherited)";
				SWIFT_OPTIMIZATION_LEVEL = "-Onone";
			};
			name = Debug;
		};
		210D42702E1C186200271FC0 /* Release */ = {
			isa = XCBuildConfiguration;
			buildSettings = {
				ALWAYS_SEARCH_USER_PATHS = NO;
				ASSETCATALOG_COMPILER_GENERATE_SWIFT_ASSET_SYMBOL_EXTENSIONS = YES;
				CLANG_ANALYZER_NONNULL = YES;
				CLANG_ANALYZER_NUMBER_OBJECT_CONVERSION = YES_AGGRESSIVE;
				CLANG_CXX_LANGUAGE_STANDARD = "gnu++20";
				CLANG_ENABLE_MODULES = YES;
				CLANG_ENABLE_OBJC_ARC = YES;
				CLANG_ENABLE_OBJC_WEAK = YES;
				CLANG_WARN_BLOCK_CAPTURE_AUTORELEASING = YES;
				CLANG_WARN_BOOL_CONVERSION = YES;
				CLANG_WARN_COMMA = YES;
				CLANG_WARN_CONSTANT_CONVERSION = YES;
				CLANG_WARN_DEPRECATED_OBJC_IMPLEMENTATIONS = YES;
				CLANG_WARN_DIRECT_OBJC_ISA_USAGE = YES_ERROR;
				CLANG_WARN_DOCUMENTATION_COMMENTS = YES;
				CLANG_WARN_EMPTY_BODY = YES;
				CLANG_WARN_ENUM_CONVERSION = YES;
				CLANG_WARN_INFINITE_RECURSION = YES;
				CLANG_WARN_INT_CONVERSION = YES;
				CLANG_WARN_NON_LITERAL_NULL_CONVERSION = YES;
				CLANG_WARN_OBJC_IMPLICIT_RETAIN_SELF = YES;
				CLANG_WARN_OBJC_LITERAL_CONVERSION = YES;
				CLANG_WARN_OBJC_ROOT_CLASS = YES_ERROR;
				CLANG_WARN_QUOTED_INCLUDE_IN_FRAMEWORK_HEADER = YES;
				CLANG_WARN_RANGE_LOOP_ANALYSIS = YES;
				CLANG_WARN_STRICT_PROTOTYPES = YES;
				CLANG_WARN_SUSPICIOUS_MOVE = YES;
				CLANG_WARN_UNGUARDED_AVAILABILITY = YES_AGGRESSIVE;
				CLANG_WARN_UNREACHABLE_CODE = YES;
				CLANG_WARN__DUPLICATE_METHOD_MATCH = YES;
				COPY_PHASE_STRIP = NO;
				DEBUG_INFORMATION_FORMAT = "dwarf-with-dsym";
				DEVELOPMENT_TEAM = G3TQNYN8A2;
				ENABLE_NS_ASSERTIONS = NO;
				ENABLE_STRICT_OBJC_MSGSEND = YES;
				ENABLE_USER_SCRIPT_SANDBOXING = YES;
				GCC_C_LANGUAGE_STANDARD = gnu17;
				GCC_NO_COMMON_BLOCKS = YES;
				GCC_WARN_64_TO_32_BIT_CONVERSION = YES;
				GCC_WARN_ABOUT_RETURN_TYPE = YES_ERROR;
				GCC_WARN_UNDECLARED_SELECTOR = YES;
				GCC_WARN_UNINITIALIZED_AUTOS = YES_AGGRESSIVE;
				GCC_WARN_UNUSED_FUNCTION = YES;
				GCC_WARN_UNUSED_VARIABLE = YES;
				IPHONEOS_DEPLOYMENT_TARGET = 18.5;
				LOCALIZATION_PREFERS_STRING_CATALOGS = YES;
				MTL_ENABLE_DEBUG_INFO = NO;
				MTL_FAST_MATH = YES;
				SDKROOT = iphoneos;
				SWIFT_COMPILATION_MODE = wholemodule;
				VALIDATE_PRODUCT = YES;
			};
			name = Release;
		};
		210D42722E1C186200271FC0 /* Debug */ = {
			isa = XCBuildConfiguration;
			buildSettings = {
				ASSETCATALOG_COMPILER_APPICON_NAME = AppIcon;
				ASSETCATALOG_COMPILER_GLOBAL_ACCENT_COLOR_NAME = AccentColor;
				CODE_SIGN_STYLE = Automatic;
				CURRENT_PROJECT_VERSION = 1;
				DEVELOPMENT_TEAM = G3TQNYN8A2;
				ENABLE_PREVIEWS = YES;
				GENERATE_INFOPLIST_FILE = YES;
				INFOPLIST_KEY_UIApplicationSceneManifest_Generation = YES;
				INFOPLIST_KEY_UIApplicationSupportsIndirectInputEvents = YES;
				INFOPLIST_KEY_UILaunchScreen_Generation = YES;
				INFOPLIST_KEY_UISupportedInterfaceOrientations_iPad = "UIInterfaceOrientationPortrait UIInterfaceOrientationPortraitUpsideDown UIInterfaceOrientationLandscapeLeft UIInterfaceOrientationLandscapeRight";
				INFOPLIST_KEY_UISupportedInterfaceOrientations_iPhone = "UIInterfaceOrientationPortrait UIInterfaceOrientationLandscapeLeft UIInterfaceOrientationLandscapeRight";
				LD_RUNPATH_SEARCH_PATHS = (
					"$(inherited)",
					"@executable_path/Frameworks",
				);
				MARKETING_VERSION = 1.0;
				PRODUCT_BUNDLE_IDENTIFIER = com.Scoglio.Loggr;
				PRODUCT_NAME = "$(TARGET_NAME)";
				SWIFT_EMIT_LOC_STRINGS = YES;
				SWIFT_VERSION = 5.0;
				TARGETED_DEVICE_FAMILY = "1,2";
			};
			name = Debug;
		};
		210D42732E1C186200271FC0 /* Release */ = {
			isa = XCBuildConfiguration;
			buildSettings = {
				ASSETCATALOG_COMPILER_APPICON_NAME = AppIcon;
				ASSETCATALOG_COMPILER_GLOBAL_ACCENT_COLOR_NAME = AccentColor;
				CODE_SIGN_STYLE = Automatic;
				CURRENT_PROJECT_VERSION = 1;
				DEVELOPMENT_TEAM = G3TQNYN8A2;
				ENABLE_PREVIEWS = YES;
				GENERATE_INFOPLIST_FILE = YES;
				INFOPLIST_KEY_UIApplicationSceneManifest_Generation = YES;
				INFOPLIST_KEY_UIApplicationSupportsIndirectInputEvents = YES;
				INFOPLIST_KEY_UILaunchScreen_Generation = YES;
				INFOPLIST_KEY_UISupportedInterfaceOrientations_iPad = "UIInterfaceOrientationPortrait UIInterfaceOrientationPortraitUpsideDown UIInterfaceOrientationLandscapeLeft UIInterfaceOrientationLandscapeRight";
				INFOPLIST_KEY_UISupportedInterfaceOrientations_iPhone = "UIInterfaceOrientationPortrait UIInterfaceOrientationLandscapeLeft UIInterfaceOrientationLandscapeRight";
				LD_RUNPATH_SEARCH_PATHS = (
					"$(inherited)",
					"@executable_path/Frameworks",
				);
				MARKETING_VERSION = 1.0;
				PRODUCT_BUNDLE_IDENTIFIER = com.Scoglio.Loggr;
				PRODUCT_NAME = "$(TARGET_NAME)";
				SWIFT_EMIT_LOC_STRINGS = YES;
				SWIFT_VERSION = 5.0;
				TARGETED_DEVICE_FAMILY = "1,2";
			};
			name = Release;
		};
/* End XCBuildConfiguration section */

/* Begin XCConfigurationList section */
		210D42612E1C186100271FC0 /* Build configuration list for PBXProject "Loggr" */ = {
			isa = XCConfigurationList;
			buildConfigurations = (
				210D426F2E1C186200271FC0 /* Debug */,
				210D42702E1C186200271FC0 /* Release */,
			);
			defaultConfigurationIsVisible = 0;
			defaultConfigurationName = Release;
		};
		210D42712E1C186200271FC0 /* Build configuration list for PBXNativeTarget "Loggr" */ = {
			isa = XCConfigurationList;
			buildConfigurations = (
				210D42722E1C186200271FC0 /* Debug */,
				210D42732E1C186200271FC0 /* Release */,
			);
			defaultConfigurationIsVisible = 0;
			defaultConfigurationName = Release;
		};
/* End XCConfigurationList section */
	};
	rootObject = 210D425E2E1C186100271FC0 /* Project object */;
}
